// !$*UTF8*$!
{
	archiveVersion = 1;
	classes = {
	};
	objectVersion = 56;
	objects = {

/* Begin PBXBuildFile section */
		65F23AB52A4B603C0008AEAC /* KWK_FINAL_PROJECTApp.swift in Sources */ = {isa = PBXBuildFile; fileRef = 65F23AB42A4B603C0008AEAC /* KWK_FINAL_PROJECTApp.swift */; };
		65F23AB72A4B603C0008AEAC /* ContentView.swift in Sources */ = {isa = PBXBuildFile; fileRef = 65F23AB62A4B603C0008AEAC /* ContentView.swift */; };
		65F23AB92A4B603F0008AEAC /* Assets.xcassets in Resources */ = {isa = PBXBuildFile; fileRef = 65F23AB82A4B603F0008AEAC /* Assets.xcassets */; };
		65F23ABC2A4B603F0008AEAC /* Preview Assets.xcassets in Resources */ = {isa = PBXBuildFile; fileRef = 65F23ABB2A4B603F0008AEAC /* Preview Assets.xcassets */; };
		65F23AC62A4B603F0008AEAC /* KWK_FINAL_PROJECTTests.swift in Sources */ = {isa = PBXBuildFile; fileRef = 65F23AC52A4B603F0008AEAC /* KWK_FINAL_PROJECTTests.swift */; };
		65F23AD02A4B603F0008AEAC /* KWK_FINAL_PROJECTUITests.swift in Sources */ = {isa = PBXBuildFile; fileRef = 65F23ACF2A4B603F0008AEAC /* KWK_FINAL_PROJECTUITests.swift */; };
		65F23AD22A4B603F0008AEAC /* KWK_FINAL_PROJECTUITestsLaunchTests.swift in Sources */ = {isa = PBXBuildFile; fileRef = 65F23AD12A4B603F0008AEAC /* KWK_FINAL_PROJECTUITestsLaunchTests.swift */; };
/* End PBXBuildFile section */

/* Begin PBXContainerItemProxy section */
		65F23AC22A4B603F0008AEAC /* PBXContainerItemProxy */ = {
			isa = PBXContainerItemProxy;
			containerPortal = 65F23AA92A4B603C0008AEAC /* Project object */;
			proxyType = 1;
			remoteGlobalIDString = 65F23AB02A4B603C0008AEAC;
			remoteInfo = "KWK-FINAL-PROJECT";
		};
		65F23ACC2A4B603F0008AEAC /* PBXContainerItemProxy */ = {
			isa = PBXContainerItemProxy;
			containerPortal = 65F23AA92A4B603C0008AEAC /* Project object */;
			proxyType = 1;
			remoteGlobalIDString = 65F23AB02A4B603C0008AEAC;
			remoteInfo = "KWK-FINAL-PROJECT";
		};
/* End PBXContainerItemProxy section */

/* Begin PBXFileReference section */
		65F23AB12A4B603C0008AEAC /* KWK-FINAL-PROJECT.app */ = {isa = PBXFileReference; explicitFileType = wrapper.application; includeInIndex = 0; path = "KWK-FINAL-PROJECT.app"; sourceTree = BUILT_PRODUCTS_DIR; };
		65F23AB42A4B603C0008AEAC /* KWK_FINAL_PROJECTApp.swift */ = {isa = PBXFileReference; lastKnownFileType = sourcecode.swift; path = KWK_FINAL_PROJECTApp.swift; sourceTree = "<group>"; };
		65F23AB62A4B603C0008AEAC /* ContentView.swift */ = {isa = PBXFileReference; lastKnownFileType = sourcecode.swift; path = ContentView.swift; sourceTree = "<group>"; };
		65F23AB82A4B603F0008AEAC /* Assets.xcassets */ = {isa = PBXFileReference; lastKnownFileType = folder.assetcatalog; path = Assets.xcassets; sourceTree = "<group>"; };
		65F23ABB2A4B603F0008AEAC /* Preview Assets.xcassets */ = {isa = PBXFileReference; lastKnownFileType = folder.assetcatalog; path = "Preview Assets.xcassets"; sourceTree = "<group>"; };
		65F23AC12A4B603F0008AEAC /* KWK-FINAL-PROJECTTests.xctest */ = {isa = PBXFileReference; explicitFileType = wrapper.cfbundle; includeInIndex = 0; path = "KWK-FINAL-PROJECTTests.xctest"; sourceTree = BUILT_PRODUCTS_DIR; };
		65F23AC52A4B603F0008AEAC /* KWK_FINAL_PROJECTTests.swift */ = {isa = PBXFileReference; lastKnownFileType = sourcecode.swift; path = KWK_FINAL_PROJECTTests.swift; sourceTree = "<group>"; };
		65F23ACB2A4B603F0008AEAC /* KWK-FINAL-PROJECTUITests.xctest */ = {isa = PBXFileReference; explicitFileType = wrapper.cfbundle; includeInIndex = 0; path = "KWK-FINAL-PROJECTUITests.xctest"; sourceTree = BUILT_PRODUCTS_DIR; };
		65F23ACF2A4B603F0008AEAC /* KWK_FINAL_PROJECTUITests.swift */ = {isa = PBXFileReference; lastKnownFileType = sourcecode.swift; path = KWK_FINAL_PROJECTUITests.swift; sourceTree = "<group>"; };
		65F23AD12A4B603F0008AEAC /* KWK_FINAL_PROJECTUITestsLaunchTests.swift */ = {isa = PBXFileReference; lastKnownFileType = sourcecode.swift; path = KWK_FINAL_PROJECTUITestsLaunchTests.swift; sourceTree = "<group>"; };
/* End PBXFileReference section */

/* Begin PBXFrameworksBuildPhase section */
		65F23AAE2A4B603C0008AEAC /* Frameworks */ = {
			isa = PBXFrameworksBuildPhase;
			buildActionMask = 2147483647;
			files = (
			);
			runOnlyForDeploymentPostprocessing = 0;
		};
		65F23ABE2A4B603F0008AEAC /* Frameworks */ = {
			isa = PBXFrameworksBuildPhase;
			buildActionMask = 2147483647;
			files = (
			);
			runOnlyForDeploymentPostprocessing = 0;
		};
		65F23AC82A4B603F0008AEAC /* Frameworks */ = {
			isa = PBXFrameworksBuildPhase;
			buildActionMask = 2147483647;
			files = (
			);
			runOnlyForDeploymentPostprocessing = 0;
		};
/* End PBXFrameworksBuildPhase section */

/* Begin PBXGroup section */
		65F23AA82A4B603C0008AEAC = {
			isa = PBXGroup;
			children = (
				65F23AB32A4B603C0008AEAC /* KWK-FINAL-PROJECT */,
				65F23AC42A4B603F0008AEAC /* KWK-FINAL-PROJECTTests */,
				65F23ACE2A4B603F0008AEAC /* KWK-FINAL-PROJECTUITests */,
				65F23AB22A4B603C0008AEAC /* Products */,
			);
			sourceTree = "<group>";
		};
		65F23AB22A4B603C0008AEAC /* Products */ = {
			isa = PBXGroup;
			children = (
				65F23AB12A4B603C0008AEAC /* KWK-FINAL-PROJECT.app */,
				65F23AC12A4B603F0008AEAC /* KWK-FINAL-PROJECTTests.xctest */,
				65F23ACB2A4B603F0008AEAC /* KWK-FINAL-PROJECTUITests.xctest */,
			);
			name = Products;
			sourceTree = "<group>";
		};
		65F23AB32A4B603C0008AEAC /* KWK-FINAL-PROJECT */ = {
			isa = PBXGroup;
			children = (
				65F23AB42A4B603C0008AEAC /* KWK_FINAL_PROJECTApp.swift */,
				65F23AB62A4B603C0008AEAC /* ContentView.swift */,
				65F23AB82A4B603F0008AEAC /* Assets.xcassets */,
				65F23ABA2A4B603F0008AEAC /* Preview Content */,
			);
			path = "KWK-FINAL-PROJECT";
			sourceTree = "<group>";
		};
		65F23ABA2A4B603F0008AEAC /* Preview Content */ = {
			isa = PBXGroup;
			children = (
				65F23ABB2A4B603F0008AEAC /* Preview Assets.xcassets */,
			);
			path = "Preview Content";
			sourceTree = "<group>";
		};
		65F23AC42A4B603F0008AEAC /* KWK-FINAL-PROJECTTests */ = {
			isa = PBXGroup;
			children = (
				65F23AC52A4B603F0008AEAC /* KWK_FINAL_PROJECTTests.swift */,
			);
			path = "KWK-FINAL-PROJECTTests";
			sourceTree = "<group>";
		};
		65F23ACE2A4B603F0008AEAC /* KWK-FINAL-PROJECTUITests */ = {
			isa = PBXGroup;
			children = (
				65F23ACF2A4B603F0008AEAC /* KWK_FINAL_PROJECTUITests.swift */,
				65F23AD12A4B603F0008AEAC /* KWK_FINAL_PROJECTUITestsLaunchTests.swift */,
			);
			path = "KWK-FINAL-PROJECTUITests";
			sourceTree = "<group>";
		};
/* End PBXGroup section */

/* Begin PBXNativeTarget section */
		65F23AB02A4B603C0008AEAC /* KWK-FINAL-PROJECT */ = {
			isa = PBXNativeTarget;
			buildConfigurationList = 65F23AD52A4B603F0008AEAC /* Build configuration list for PBXNativeTarget "KWK-FINAL-PROJECT" */;
			buildPhases = (
				65F23AAD2A4B603C0008AEAC /* Sources */,
				65F23AAE2A4B603C0008AEAC /* Frameworks */,
				65F23AAF2A4B603C0008AEAC /* Resources */,
			);
			buildRules = (
			);
			dependencies = (
			);
			name = "KWK-FINAL-PROJECT";
			productName = "KWK-FINAL-PROJECT";
			productReference = 65F23AB12A4B603C0008AEAC /* KWK-FINAL-PROJECT.app */;
			productType = "com.apple.product-type.application";
		};
		65F23AC02A4B603F0008AEAC /* KWK-FINAL-PROJECTTests */ = {
			isa = PBXNativeTarget;
			buildConfigurationList = 65F23AD82A4B603F0008AEAC /* Build configuration list for PBXNativeTarget "KWK-FINAL-PROJECTTests" */;
			buildPhases = (
				65F23ABD2A4B603F0008AEAC /* Sources */,
				65F23ABE2A4B603F0008AEAC /* Frameworks */,
				65F23ABF2A4B603F0008AEAC /* Resources */,
			);
			buildRules = (
			);
			dependencies = (
				65F23AC32A4B603F0008AEAC /* PBXTargetDependency */,
			);
			name = "KWK-FINAL-PROJECTTests";
			productName = "KWK-FINAL-PROJECTTests";
			productReference = 65F23AC12A4B603F0008AEAC /* KWK-FINAL-PROJECTTests.xctest */;
			productType = "com.apple.product-type.bundle.unit-test";
		};
		65F23ACA2A4B603F0008AEAC /* KWK-FINAL-PROJECTUITests */ = {
			isa = PBXNativeTarget;
			buildConfigurationList = 65F23ADB2A4B603F0008AEAC /* Build configuration list for PBXNativeTarget "KWK-FINAL-PROJECTUITests" */;
			buildPhases = (
				65F23AC72A4B603F0008AEAC /* Sources */,
				65F23AC82A4B603F0008AEAC /* Frameworks */,
				65F23AC92A4B603F0008AEAC /* Resources */,
			);
			buildRules = (
			);
			dependencies = (
				65F23ACD2A4B603F0008AEAC /* PBXTargetDependency */,
			);
			name = "KWK-FINAL-PROJECTUITests";
			productName = "KWK-FINAL-PROJECTUITests";
			productReference = 65F23ACB2A4B603F0008AEAC /* KWK-FINAL-PROJECTUITests.xctest */;
			productType = "com.apple.product-type.bundle.ui-testing";
		};
/* End PBXNativeTarget section */

/* Begin PBXProject section */
		65F23AA92A4B603C0008AEAC /* Project object */ = {
			isa = PBXProject;
			attributes = {
				BuildIndependentTargetsInParallel = 1;
				LastSwiftUpdateCheck = 1430;
				LastUpgradeCheck = 1430;
				TargetAttributes = {
					65F23AB02A4B603C0008AEAC = {
						CreatedOnToolsVersion = 14.3;
					};
					65F23AC02A4B603F0008AEAC = {
						CreatedOnToolsVersion = 14.3;
						TestTargetID = 65F23AB02A4B603C0008AEAC;
					};
					65F23ACA2A4B603F0008AEAC = {
						CreatedOnToolsVersion = 14.3;
						TestTargetID = 65F23AB02A4B603C0008AEAC;
					};
				};
			};
			buildConfigurationList = 65F23AAC2A4B603C0008AEAC /* Build configuration list for PBXProject "KWK-FINAL-PROJECT" */;
			compatibilityVersion = "Xcode 14.0";
			developmentRegion = en;
			hasScannedForEncodings = 0;
			knownRegions = (
				en,
				Base,
			);
			mainGroup = 65F23AA82A4B603C0008AEAC;
			productRefGroup = 65F23AB22A4B603C0008AEAC /* Products */;
			projectDirPath = "";
			projectRoot = "";
			targets = (
				65F23AB02A4B603C0008AEAC /* KWK-FINAL-PROJECT */,
				65F23AC02A4B603F0008AEAC /* KWK-FINAL-PROJECTTests */,
				65F23ACA2A4B603F0008AEAC /* KWK-FINAL-PROJECTUITests */,
			);
		};
/* End PBXProject section */

/* Begin PBXResourcesBuildPhase section */
		65F23AAF2A4B603C0008AEAC /* Resources */ = {
			isa = PBXResourcesBuildPhase;
			buildActionMask = 2147483647;
			files = (
				65F23ABC2A4B603F0008AEAC /* Preview Assets.xcassets in Resources */,
				65F23AB92A4B603F0008AEAC /* Assets.xcassets in Resources */,
			);
			runOnlyForDeploymentPostprocessing = 0;
		};
		65F23ABF2A4B603F0008AEAC /* Resources */ = {
			isa = PBXResourcesBuildPhase;
			buildActionMask = 2147483647;
			files = (
			);
			runOnlyForDeploymentPostprocessing = 0;
		};
		65F23AC92A4B603F0008AEAC /* Resources */ = {
			isa = PBXResourcesBuildPhase;
			buildActionMask = 2147483647;
			files = (
			);
			runOnlyForDeploymentPostprocessing = 0;
		};
/* End PBXResourcesBuildPhase section */

/* Begin PBXSourcesBuildPhase section */
		65F23AAD2A4B603C0008AEAC /* Sources */ = {
			isa = PBXSourcesBuildPhase;
			buildActionMask = 2147483647;
			files = (
				65F23AB72A4B603C0008AEAC /* ContentView.swift in Sources */,
				65F23AB52A4B603C0008AEAC /* KWK_FINAL_PROJECTApp.swift in Sources */,
			);
			runOnlyForDeploymentPostprocessing = 0;
		};
		65F23ABD2A4B603F0008AEAC /* Sources */ = {
			isa = PBXSourcesBuildPhase;
			buildActionMask = 2147483647;
			files = (
				65F23AC62A4B603F0008AEAC /* KWK_FINAL_PROJECTTests.swift in Sources */,
			);
			runOnlyForDeploymentPostprocessing = 0;
		};
		65F23AC72A4B603F0008AEAC /* Sources */ = {
			isa = PBXSourcesBuildPhase;
			buildActionMask = 2147483647;
			files = (
				65F23AD02A4B603F0008AEAC /* KWK_FINAL_PROJECTUITests.swift in Sources */,
				65F23AD22A4B603F0008AEAC /* KWK_FINAL_PROJECTUITestsLaunchTests.swift in Sources */,
			);
			runOnlyForDeploymentPostprocessing = 0;
		};
/* End PBXSourcesBuildPhase section */

/* Begin PBXTargetDependency section */
		65F23AC32A4B603F0008AEAC /* PBXTargetDependency */ = {
			isa = PBXTargetDependency;
			target = 65F23AB02A4B603C0008AEAC /* KWK-FINAL-PROJECT */;
			targetProxy = 65F23AC22A4B603F0008AEAC /* PBXContainerItemProxy */;
		};
		65F23ACD2A4B603F0008AEAC /* PBXTargetDependency */ = {
			isa = PBXTargetDependency;
			target = 65F23AB02A4B603C0008AEAC /* KWK-FINAL-PROJECT */;
			targetProxy = 65F23ACC2A4B603F0008AEAC /* PBXContainerItemProxy */;
		};
/* End PBXTargetDependency section */

/* Begin XCBuildConfiguration section */
		65F23AD32A4B603F0008AEAC /* Debug */ = {
			isa = XCBuildConfiguration;
			buildSettings = {
				ALWAYS_SEARCH_USER_PATHS = NO;
				CLANG_ANALYZER_NONNULL = YES;
				CLANG_ANALYZER_NUMBER_OBJECT_CONVERSION = YES_AGGRESSIVE;
				CLANG_CXX_LANGUAGE_STANDARD = "gnu++20";
				CLANG_ENABLE_MODULES = YES;
				CLANG_ENABLE_OBJC_ARC = YES;
				CLANG_ENABLE_OBJC_WEAK = YES;
				CLANG_WARN_BLOCK_CAPTURE_AUTORELEASING = YES;
				CLANG_WARN_BOOL_CONVERSION = YES;
				CLANG_WARN_COMMA = YES;
				CLANG_WARN_CONSTANT_CONVERSION = YES;
				CLANG_WARN_DEPRECATED_OBJC_IMPLEMENTATIONS = YES;
				CLANG_WARN_DIRECT_OBJC_ISA_USAGE = YES_ERROR;
				CLANG_WARN_DOCUMENTATION_COMMENTS = YES;
				CLANG_WARN_EMPTY_BODY = YES;
				CLANG_WARN_ENUM_CONVERSION = YES;
				CLANG_WARN_INFINITE_RECURSION = YES;
				CLANG_WARN_INT_CONVERSION = YES;
				CLANG_WARN_NON_LITERAL_NULL_CONVERSION = YES;
				CLANG_WARN_OBJC_IMPLICIT_RETAIN_SELF = YES;
				CLANG_WARN_OBJC_LITERAL_CONVERSION = YES;
				CLANG_WARN_OBJC_ROOT_CLASS = YES_ERROR;
				CLANG_WARN_QUOTED_INCLUDE_IN_FRAMEWORK_HEADER = YES;
				CLANG_WARN_RANGE_LOOP_ANALYSIS = YES;
				CLANG_WARN_STRICT_PROTOTYPES = YES;
				CLANG_WARN_SUSPICIOUS_MOVE = YES;
				CLANG_WARN_UNGUARDED_AVAILABILITY = YES_AGGRESSIVE;
				CLANG_WARN_UNREACHABLE_CODE = YES;
				CLANG_WARN__DUPLICATE_METHOD_MATCH = YES;
				COPY_PHASE_STRIP = NO;
				DEBUG_INFORMATION_FORMAT = dwarf;
				ENABLE_STRICT_OBJC_MSGSEND = YES;
				ENABLE_TESTABILITY = YES;
				GCC_C_LANGUAGE_STANDARD = gnu11;
				GCC_DYNAMIC_NO_PIC = NO;
				GCC_NO_COMMON_BLOCKS = YES;
				GCC_OPTIMIZATION_LEVEL = 0;
				GCC_PREPROCESSOR_DEFINITIONS = (
					"DEBUG=1",
					"$(inherited)",
				);
				GCC_WARN_64_TO_32_BIT_CONVERSION = YES;
				GCC_WARN_ABOUT_RETURN_TYPE = YES_ERROR;
				GCC_WARN_UNDECLARED_SELECTOR = YES;
				GCC_WARN_UNINITIALIZED_AUTOS = YES_AGGRESSIVE;
				GCC_WARN_UNUSED_FUNCTION = YES;
				GCC_WARN_UNUSED_VARIABLE = YES;
				IPHONEOS_DEPLOYMENT_TARGET = 16.4;
				MTL_ENABLE_DEBUG_INFO = INCLUDE_SOURCE;
				MTL_FAST_MATH = YES;
				ONLY_ACTIVE_ARCH = YES;
				SDKROOT = iphoneos;
				SWIFT_ACTIVE_COMPILATION_CONDITIONS = DEBUG;
				SWIFT_OPTIMIZATION_LEVEL = "-Onone";
			};
			name = Debug;
		};
		65F23AD42A4B603F0008AEAC /* Release */ = {
			isa = XCBuildConfiguration;
			buildSettings = {
				ALWAYS_SEARCH_USER_PATHS = NO;
				CLANG_ANALYZER_NONNULL = YES;
				CLANG_ANALYZER_NUMBER_OBJECT_CONVERSION = YES_AGGRESSIVE;
				CLANG_CXX_LANGUAGE_STANDARD = "gnu++20";
				CLANG_ENABLE_MODULES = YES;
				CLANG_ENABLE_OBJC_ARC = YES;
				CLANG_ENABLE_OBJC_WEAK = YES;
				CLANG_WARN_BLOCK_CAPTURE_AUTORELEASING = YES;
				CLANG_WARN_BOOL_CONVERSION = YES;
				CLANG_WARN_COMMA = YES;
				CLANG_WARN_CONSTANT_CONVERSION = YES;
				CLANG_WARN_DEPRECATED_OBJC_IMPLEMENTATIONS = YES;
				CLANG_WARN_DIRECT_OBJC_ISA_USAGE = YES_ERROR;
				CLANG_WARN_DOCUMENTATION_COMMENTS = YES;
				CLANG_WARN_EMPTY_BODY = YES;
				CLANG_WARN_ENUM_CONVERSION = YES;
				CLANG_WARN_INFINITE_RECURSION = YES;
				CLANG_WARN_INT_CONVERSION = YES;
				CLANG_WARN_NON_LITERAL_NULL_CONVERSION = YES;
				CLANG_WARN_OBJC_IMPLICIT_RETAIN_SELF = YES;
				CLANG_WARN_OBJC_LITERAL_CONVERSION = YES;
				CLANG_WARN_OBJC_ROOT_CLASS = YES_ERROR;
				CLANG_WARN_QUOTED_INCLUDE_IN_FRAMEWORK_HEADER = YES;
				CLANG_WARN_RANGE_LOOP_ANALYSIS = YES;
				CLANG_WARN_STRICT_PROTOTYPES = YES;
				CLANG_WARN_SUSPICIOUS_MOVE = YES;
				CLANG_WARN_UNGUARDED_AVAILABILITY = YES_AGGRESSIVE;
				CLANG_WARN_UNREACHABLE_CODE = YES;
				CLANG_WARN__DUPLICATE_METHOD_MATCH = YES;
				COPY_PHASE_STRIP = NO;
				DEBUG_INFORMATION_FORMAT = "dwarf-with-dsym";
				ENABLE_NS_ASSERTIONS = NO;
				ENABLE_STRICT_OBJC_MSGSEND = YES;
				GCC_C_LANGUAGE_STANDARD = gnu11;
				GCC_NO_COMMON_BLOCKS = YES;
				GCC_WARN_64_TO_32_BIT_CONVERSION = YES;
				GCC_WARN_ABOUT_RETURN_TYPE = YES_ERROR;
				GCC_WARN_UNDECLARED_SELECTOR = YES;
				GCC_WARN_UNINITIALIZED_AUTOS = YES_AGGRESSIVE;
				GCC_WARN_UNUSED_FUNCTION = YES;
				GCC_WARN_UNUSED_VARIABLE = YES;
				IPHONEOS_DEPLOYMENT_TARGET = 16.4;
				MTL_ENABLE_DEBUG_INFO = NO;
				MTL_FAST_MATH = YES;
				SDKROOT = iphoneos;
				SWIFT_COMPILATION_MODE = wholemodule;
				SWIFT_OPTIMIZATION_LEVEL = "-O";
				VALIDATE_PRODUCT = YES;
			};
			name = Release;
		};
		65F23AD62A4B603F0008AEAC /* Debug */ = {
			isa = XCBuildConfiguration;
			buildSettings = {
				ASSETCATALOG_COMPILER_APPICON_NAME = AppIcon;
				ASSETCATALOG_COMPILER_GLOBAL_ACCENT_COLOR_NAME = AccentColor;
				CODE_SIGN_STYLE = Automatic;
				CURRENT_PROJECT_VERSION = 1;
				DEVELOPMENT_ASSET_PATHS = "\"KWK-FINAL-PROJECT/Preview Content\"";
				ENABLE_PREVIEWS = YES;
				GENERATE_INFOPLIST_FILE = YES;
				INFOPLIST_KEY_UIApplicationSceneManifest_Generation = YES;
				INFOPLIST_KEY_UIApplicationSupportsIndirectInputEvents = YES;
				INFOPLIST_KEY_UILaunchScreen_Generation = YES;
				INFOPLIST_KEY_UISupportedInterfaceOrientations_iPad = "UIInterfaceOrientationPortrait UIInterfaceOrientationPortraitUpsideDown UIInterfaceOrientationLandscapeLeft UIInterfaceOrientationLandscapeRight";
				INFOPLIST_KEY_UISupportedInterfaceOrientations_iPhone = "UIInterfaceOrientationPortrait UIInterfaceOrientationLandscapeLeft UIInterfaceOrientationLandscapeRight";
				LD_RUNPATH_SEARCH_PATHS = (
					"$(inherited)",
					"@executable_path/Frameworks",
				);
				MARKETING_VERSION = 1.0;
				PRODUCT_BUNDLE_IDENTIFIER = "kwk.KWK-FINAL-PROJECT";
				PRODUCT_NAME = "$(TARGET_NAME)";
				SWIFT_EMIT_LOC_STRINGS = YES;
				SWIFT_VERSION = 5.0;
				TARGETED_DEVICE_FAMILY = "1,2";
			};
			name = Debug;
		};
		65F23AD72A4B603F0008AEAC /* Release */ = {
			isa = XCBuildConfiguration;
			buildSettings = {
				ASSETCATALOG_COMPILER_APPICON_NAME = AppIcon;
				ASSETCATALOG_COMPILER_GLOBAL_ACCENT_COLOR_NAME = AccentColor;
				CODE_SIGN_STYLE = Automatic;
				CURRENT_PROJECT_VERSION = 1;
				DEVELOPMENT_ASSET_PATHS = "\"KWK-FINAL-PROJECT/Preview Content\"";
				ENABLE_PREVIEWS = YES;
				GENERATE_INFOPLIST_FILE = YES;
				INFOPLIST_KEY_UIApplicationSceneManifest_Generation = YES;
				INFOPLIST_KEY_UIApplicationSupportsIndirectInputEvents = YES;
				INFOPLIST_KEY_UILaunchScreen_Generation = YES;
				INFOPLIST_KEY_UISupportedInterfaceOrientations_iPad = "UIInterfaceOrientationPortrait UIInterfaceOrientationPortraitUpsideDown UIInterfaceOrientationLandscapeLeft UIInterfaceOrientationLandscapeRight";
				INFOPLIST_KEY_UISupportedInterfaceOrientations_iPhone = "UIInterfaceOrientationPortrait UIInterfaceOrientationLandscapeLeft UIInterfaceOrientationLandscapeRight";
				LD_RUNPATH_SEARCH_PATHS = (
					"$(inherited)",
					"@executable_path/Frameworks",
				);
				MARKETING_VERSION = 1.0;
				PRODUCT_BUNDLE_IDENTIFIER = "kwk.KWK-FINAL-PROJECT";
				PRODUCT_NAME = "$(TARGET_NAME)";
				SWIFT_EMIT_LOC_STRINGS = YES;
				SWIFT_VERSION = 5.0;
				TARGETED_DEVICE_FAMILY = "1,2";
			};
			name = Release;
		};
		65F23AD92A4B603F0008AEAC /* Debug */ = {
			isa = XCBuildConfiguration;
			buildSettings = {
				ALWAYS_EMBED_SWIFT_STANDARD_LIBRARIES = YES;
				BUNDLE_LOADER = "$(TEST_HOST)";
				CODE_SIGN_STYLE = Automatic;
				CURRENT_PROJECT_VERSION = 1;
				GENERATE_INFOPLIST_FILE = YES;
				IPHONEOS_DEPLOYMENT_TARGET = 16.4;
				MARKETING_VERSION = 1.0;
				PRODUCT_BUNDLE_IDENTIFIER = "kwk.KWK-FINAL-PROJECTTests";
				PRODUCT_NAME = "$(TARGET_NAME)";
				SWIFT_EMIT_LOC_STRINGS = NO;
				SWIFT_VERSION = 5.0;
				TARGETED_DEVICE_FAMILY = "1,2";
				TEST_HOST = "$(BUILT_PRODUCTS_DIR)/KWK-FINAL-PROJECT.app/$(BUNDLE_EXECUTABLE_FOLDER_PATH)/KWK-FINAL-PROJECT";
			};
			name = Debug;
		};
		65F23ADA2A4B603F0008AEAC /* Release */ = {
			isa = XCBuildConfiguration;
			buildSettings = {
				ALWAYS_EMBED_SWIFT_STANDARD_LIBRARIES = YES;
				BUNDLE_LOADER = "$(TEST_HOST)";
				CODE_SIGN_STYLE = Automatic;
				CURRENT_PROJECT_VERSION = 1;
				GENERATE_INFOPLIST_FILE = YES;
				IPHONEOS_DEPLOYMENT_TARGET = 16.4;
				MARKETING_VERSION = 1.0;
				PRODUCT_BUNDLE_IDENTIFIER = "kwk.KWK-FINAL-PROJECTTests";
				PRODUCT_NAME = "$(TARGET_NAME)";
				SWIFT_EMIT_LOC_STRINGS = NO;
				SWIFT_VERSION = 5.0;
				TARGETED_DEVICE_FAMILY = "1,2";
				TEST_HOST = "$(BUILT_PRODUCTS_DIR)/KWK-FINAL-PROJECT.app/$(BUNDLE_EXECUTABLE_FOLDER_PATH)/KWK-FINAL-PROJECT";
			};
			name = Release;
		};
		65F23ADC2A4B603F0008AEAC /* Debug */ = {
			isa = XCBuildConfiguration;
			buildSettings = {
				ALWAYS_EMBED_SWIFT_STANDARD_LIBRARIES = YES;
				CODE_SIGN_STYLE = Automatic;
				CURRENT_PROJECT_VERSION = 1;
				GENERATE_INFOPLIST_FILE = YES;
				MARKETING_VERSION = 1.0;
				PRODUCT_BUNDLE_IDENTIFIER = "kwk.KWK-FINAL-PROJECTUITests";
				PRODUCT_NAME = "$(TARGET_NAME)";
				SWIFT_EMIT_LOC_STRINGS = NO;
				SWIFT_VERSION = 5.0;
				TARGETED_DEVICE_FAMILY = "1,2";
				TEST_TARGET_NAME = "KWK-FINAL-PROJECT";
			};
			name = Debug;
		};
		65F23ADD2A4B603F0008AEAC /* Release */ = {
			isa = XCBuildConfiguration;
			buildSettings = {
				ALWAYS_EMBED_SWIFT_STANDARD_LIBRARIES = YES;
				CODE_SIGN_STYLE = Automatic;
				CURRENT_PROJECT_VERSION = 1;
				GENERATE_INFOPLIST_FILE = YES;
				MARKETING_VERSION = 1.0;
				PRODUCT_BUNDLE_IDENTIFIER = "kwk.KWK-FINAL-PROJECTUITests";
				PRODUCT_NAME = "$(TARGET_NAME)";
				SWIFT_EMIT_LOC_STRINGS = NO;
				SWIFT_VERSION = 5.0;
				TARGETED_DEVICE_FAMILY = "1,2";
				TEST_TARGET_NAME = "KWK-FINAL-PROJECT";
			};
			name = Release;
		};
/* End XCBuildConfiguration section */

/* Begin XCConfigurationList section */
		65F23AAC2A4B603C0008AEAC /* Build configuration list for PBXProject "KWK-FINAL-PROJECT" */ = {
			isa = XCConfigurationList;
			buildConfigurations = (
				65F23AD32A4B603F0008AEAC /* Debug */,
				65F23AD42A4B603F0008AEAC /* Release */,
			);
			defaultConfigurationIsVisible = 0;
			defaultConfigurationName = Release;
		};
		65F23AD52A4B603F0008AEAC /* Build configuration list for PBXNativeTarget "KWK-FINAL-PROJECT" */ = {
			isa = XCConfigurationList;
			buildConfigurations = (
				65F23AD62A4B603F0008AEAC /* Debug */,
				65F23AD72A4B603F0008AEAC /* Release */,
			);
			defaultConfigurationIsVisible = 0;
			defaultConfigurationName = Release;
		};
		65F23AD82A4B603F0008AEAC /* Build configuration list for PBXNativeTarget "KWK-FINAL-PROJECTTests" */ = {
			isa = XCConfigurationList;
			buildConfigurations = (
				65F23AD92A4B603F0008AEAC /* Debug */,
				65F23ADA2A4B603F0008AEAC /* Release */,
			);
			defaultConfigurationIsVisible = 0;
			defaultConfigurationName = Release;
		};
		65F23ADB2A4B603F0008AEAC /* Build configuration list for PBXNativeTarget "KWK-FINAL-PROJECTUITests" */ = {
			isa = XCConfigurationList;
			buildConfigurations = (
				65F23ADC2A4B603F0008AEAC /* Debug */,
				65F23ADD2A4B603F0008AEAC /* Release */,
			);
			defaultConfigurationIsVisible = 0;
			defaultConfigurationName = Release;
		};
/* End XCConfigurationList section */
	};
	rootObject = 65F23AA92A4B603C0008AEAC /* Project object */;
}
